
Microsoft Visual Studio Solution File, Format Version 12.00
# Visual Studio Version 17
VisualStudioVersion = 17.6.33829.357
MinimumVisualStudioVersion = 10.0.40219.1
Project("{9A19103F-16F7-4668-BE54-9A1E7A4F7556}") = "PROJECT(Reddit-wanna-be)", "PROJECT(Reddit-wanna-be)\PROJECT(Reddit-wanna-be).csproj", "{4C511A2F-AFCE-4B04-9762-2AA5C8A5F98B}"
EndProject
Project("{FAE04EC0-301F-11D3-BF4B-00C04F79EFBC}") = "WorkingWithAPIApplication", "WorkingWithAPIApplication\WorkingWithAPIApplication.csproj", "{4043EEB1-B563-4085-BF31-4427216A46E6}"
EndProject
Project("{FAE04EC0-301F-11D3-BF4B-00C04F79EFBC}") = "Classes", "Classes\Classes.csproj", "{2EE0C903-1B51-4438-BE4F-AF4488A7CDD7}"
EndProject
Global
	GlobalSection(SolutionConfigurationPlatforms) = preSolution
		Debug|Any CPU = Debug|Any CPU
		Release|Any CPU = Release|Any CPU
	EndGlobalSection
	GlobalSection(ProjectConfigurationPlatforms) = postSolution
		{4C511A2F-AFCE-4B04-9762-2AA5C8A5F98B}.Debug|Any CPU.ActiveCfg = Debug|Any CPU
		{4C511A2F-AFCE-4B04-9762-2AA5C8A5F98B}.Debug|Any CPU.Build.0 = Debug|Any CPU
		{4C511A2F-AFCE-4B04-9762-2AA5C8A5F98B}.Release|Any CPU.ActiveCfg = Release|Any CPU
		{4C511A2F-AFCE-4B04-9762-2AA5C8A5F98B}.Release|Any CPU.Build.0 = Release|Any CPU
		{4043EEB1-B563-4085-BF31-4427216A46E6}.Debug|Any CPU.ActiveCfg = Debug|Any CPU
		{4043EEB1-B563-4085-BF31-4427216A46E6}.Debug|Any CPU.Build.0 = Debug|Any CPU
		{4043EEB1-B563-4085-BF31-4427216A46E6}.Release|Any CPU.ActiveCfg = Release|Any CPU
		{4043EEB1-B563-4085-BF31-4427216A46E6}.Release|Any CPU.Build.0 = Release|Any CPU
		{2EE0C903-1B51-4438-BE4F-AF4488A7CDD7}.Debug|Any CPU.ActiveCfg = Debug|Any CPU
		{2EE0C903-1B51-4438-BE4F-AF4488A7CDD7}.Debug|Any CPU.Build.0 = Debug|Any CPU
		{2EE0C903-1B51-4438-BE4F-AF4488A7CDD7}.Release|Any CPU.ActiveCfg = Release|Any CPU
		{2EE0C903-1B51-4438-BE4F-AF4488A7CDD7}.Release|Any CPU.Build.0 = Release|Any CPU
	EndGlobalSection
	GlobalSection(SolutionProperties) = preSolution
		HideSolutionNode = FALSE
	EndGlobalSection
	GlobalSection(ExtensibilityGlobals) = postSolution
		SolutionGuid = {F8E123EB-115C-4F1B-B911-209CDBD6762A}
	EndGlobalSection
EndGlobal
